<?xml version="1.0" encoding="utf-8"?>
<Project ToolsVersion="4.0" xmlns="http://schemas.microsoft.com/developer/msbuild/2003">
  <ItemGroup>
    <Filter Include="Source Files">
      <UniqueIdentifier>{4FC737F1-C7A5-4376-A066-2A32D752A2FF}</UniqueIdentifier>
      <Extensions>cpp;c;cc;cxx;def;odl;idl;hpj;bat;asm;asmx</Extensions>
    </Filter>
    <Filter Include="Header Files">
      <UniqueIdentifier>{93995380-89BD-4b04-88EB-625FBE52EBFB}</UniqueIdentifier>
      <Extensions>h;hh;hpp;hxx;hm;inl;inc;xsd</Extensions>
    </Filter>
    <Filter Include="Resource Files">
      <UniqueIdentifier>{67DA6AB6-F800-4c08-8B7A-83BB121AAD01}</UniqueIdentifier>
      <Extensions>rc;ico;cur;bmp;dlg;rc2;rct;bin;rgs;gif;jpg;jpeg;jpe;resx;tiff;tif;png;wav;mfcribbon-ms</Extensions>
    </Filter>
  </ItemGroup>
  <ItemGroup>
    <Text Include="ReadMe.txt" />
  </ItemGroup>
  <ItemGroup>
    <ClInclude Include="stdafx.h">
      <Filter>Header Files</Filter>
    </ClInclude>
    <ClInclude Include="targetver.h">
      <Filter>Header Files</Filter>
    </ClInclude>
    <ClInclude Include="..\mrpc\rpctimer.hpp">
      <Filter>Header Files</Filter>
    </ClInclude>
    <ClInclude Include="rpc_archive.hpp">
      <Filter>Header Files</Filter>
    </ClInclude>
    <ClInclude Include="rpc_rarchive.hpp">
      <Filter>Header Files</Filter>
    </ClInclude>
    <ClInclude Include="..\mrpc\src\active_event.hpp">
      <Filter>Header Files</Filter>
    </ClInclude>
    <ClInclude Include="..\mrpc\src\windows_rpclock.hpp">
      <Filter>Header Files</Filter>
    </ClInclude>
    <ClInclude Include="..\mrpc\rpcudp_detail.hpp">
      <Filter>Header Files</Filter>
    </ClInclude>
    <ClInclude Include="archive_packages.hpp">
      <Filter>Header Files</Filter>
    </ClInclude>
    <ClInclude Include="dynamic_memory_block.hpp">
      <Filter>Header Files</Filter>
    </ClInclude>
    <ClInclude Include="rpcudp_client.hpp">
      <Filter>Header Files</Filter>
    </ClInclude>
    <ClInclude Include="rpcudp_client_detail.hpp">
      <Filter>Header Files</Filter>
    </ClInclude>
    <ClInclude Include="rpcudp_def.hpp">
      <Filter>Header Files</Filter>
    </ClInclude>
    <ClInclude Include="gobal_object.hpp">
      <Filter>Header Files</Filter>
    </ClInclude>
    <ClInclude Include="pure_test.hpp">
      <Filter>Header Files</Filter>
    </ClInclude>
    <ClInclude Include="trans_core.hpp">
      <Filter>Header Files</Filter>
    </ClInclude>
    <ClInclude Include="dynamic_bitmap.hpp">
      <Filter>Header Files</Filter>
    </ClInclude>
    <ClInclude Include="socket.hpp">
      <Filter>Header Files</Filter>
    </ClInclude>
    <ClInclude Include="mpl_helper.hpp">
      <Filter>Header Files</Filter>
    </ClInclude>
    <ClInclude Include="udt.hpp">
      <Filter>Header Files</Filter>
    </ClInclude>
    <ClInclude Include="sample_report.hpp">
      <Filter>Header Files</Filter>
    </ClInclude>
  </ItemGroup>
  <ItemGroup>
    <ClCompile Include="stdafx.cpp">
      <Filter>Source Files</Filter>
    </ClCompile>
    <ClCompile Include="other_test.cpp">
      <Filter>Source Files</Filter>
    </ClCompile>
    <ClCompile Include="..\mrpc\src\rpctimer.cpp">
      <Filter>Source Files</Filter>
    </ClCompile>
    <ClCompile Include="..\mrpc\src\windows_rpclock.cpp">
      <Filter>Source Files</Filter>
    </ClCompile>
    <ClCompile Include="..\mrpc\src\windows_rwlock.cpp">
      <Filter>Source Files</Filter>
    </ClCompile>
    <ClCompile Include="archive_predefine.cpp">
      <Filter>Source Files</Filter>
    </ClCompile>
    <ClCompile Include="..\src\rpclog.cpp">
      <Filter>Source Files</Filter>
    </ClCompile>
    <ClCompile Include="..\mrpc\src\archive.cpp">
      <Filter>Source Files</Filter>
    </ClCompile>
    <ClCompile Include="..\mrpc\src\rpcdef.cpp">
      <Filter>Source Files</Filter>
    </ClCompile>
    <ClCompile Include="..\mrpc\src\rpcudp.cpp">
      <Filter>Source Files</Filter>
    </ClCompile>
    <ClCompile Include="..\mrpc\src\active_event.cpp">
      <Filter>Source Files</Filter>
    </ClCompile>
    <ClCompile Include="..\mrpc\src\rpc_utility.cpp">
      <Filter>Source Files</Filter>
    </ClCompile>
    <ClCompile Include="..\mrpc\src\Source.cpp">
      <Filter>Source Files</Filter>
    </ClCompile>
    <ClCompile Include="..\mrpc\src\multiplex_timer.cpp">
      <Filter>Source Files</Filter>
    </ClCompile>
    <ClCompile Include="..\mrpc\src\slice.cpp">
      <Filter>Source Files</Filter>
    </ClCompile>
    <ClCompile Include="..\mrpc\src\rpcudp_recv_modules.cpp">
      <Filter>Source Files</Filter>
    </ClCompile>
    <ClCompile Include="..\mrpc\src\ackbitmap.cpp">
      <Filter>Source Files</Filter>
    </ClCompile>
    <ClCompile Include="..\mrpc\src\double_ulong64.cpp">
      <Filter>Source Files</Filter>
    </ClCompile>
    <ClCompile Include="..\mrpc\src\io_complete_port.cpp">
      <Filter>Source Files</Filter>
    </ClCompile>
    <ClCompile Include="..\mrpc\src\magic_modules.cpp">
      <Filter>Source Files</Filter>
    </ClCompile>
    <ClCompile Include="..\mrpc\src\sliding_window.cpp">
      <Filter>Source Files</Filter>
    </ClCompile>
    <ClCompile Include="..\mrpc\src\rpcudp_send_modules.cpp">
      <Filter>Source Files</Filter>
    </ClCompile>
    <ClCompile Include="..\mrpc\src\udp_client_recver.cpp">
      <Filter>Source Files</Filter>
    </ClCompile>
    <ClCompile Include="..\mrpc\src\udp_client_sender.cpp">
      <Filter>Source Files</Filter>
    </ClCompile>
    <ClCompile Include="..\mrpc\src\rpcudp_detail.cpp">
      <Filter>Source Files</Filter>
    </ClCompile>
    <ClCompile Include="..\mrpc\src\archive_packages.cpp">
      <Filter>Source Files</Filter>
    </ClCompile>
    <ClCompile Include="rpcudp_client_detail.cpp">
      <Filter>Source Files</Filter>
    </ClCompile>
    <ClCompile Include="pure_test.cpp">
      <Filter>Source Files</Filter>
    </ClCompile>
    <ClCompile Include="trans_core.cpp">
      <Filter>Source Files</Filter>
    </ClCompile>
    <ClCompile Include="dynamic_bitmap.cpp">
      <Filter>Source Files</Filter>
    </ClCompile>
    <ClCompile Include="socket.cpp">
      <Filter>Source Files</Filter>
    </ClCompile>
    <ClCompile Include="udt.cpp">
      <Filter>Source Files</Filter>
    </ClCompile>
    <ClCompile Include="sample_report.cpp">
      <Filter>Source Files</Filter>
    </ClCompile>
    <ClCompile Include="..\mrpc\src\mpc_utility.cpp">
      <Filter>Source Files</Filter>
    </ClCompile>
    <ClCompile Include="..\mrpc\src\rpc_cs.cpp">
      <Filter>Source Files</Filter>
    </ClCompile>
    <ClCompile Include="..\mrpc\src\rpc_group.cpp">
      <Filter>Source Files</Filter>
    </ClCompile>
    <ClCompile Include="..\mrpc\src\rpc_group_client.cpp">
      <Filter>Source Files</Filter>
    </ClCompile>
    <ClCompile Include="..\mrpc\src\rpc_group_middleware.cpp">
      <Filter>Source Files</Filter>
    </ClCompile>
    <ClCompile Include="..\mrpc\src\rpc_server.cpp">
      <Filter>Source Files</Filter>
    </ClCompile>
    <ClCompile Include="..\mrpc\src\shared_memory_block.cpp">
      <Filter>Source Files</Filter>
    </ClCompile>
  </ItemGroup>
  <ItemGroup>
    <None Include="rpc_archive_def.hp" />
  </ItemGroup>
</Project>