<?xml version="1.0" encoding="utf-8"?>
<Project ToolsVersion="4.0" xmlns="http://schemas.microsoft.com/developer/msbuild/2003">
  <ItemGroup>
    <Filter Include="Source Files">
      <UniqueIdentifier>{4FC737F1-C7A5-4376-A066-2A32D752A2FF}</UniqueIdentifier>
      <Extensions>cpp;c;cc;cxx;def;odl;idl;hpj;bat;asm;asmx</Extensions>
    </Filter>
    <Filter Include="Header Files">
      <UniqueIdentifier>{93995380-89BD-4b04-88EB-625FBE52EBFB}</UniqueIdentifier>
      <Extensions>h;hh;hpp;hxx;hm;inl;inc;xsd</Extensions>
    </Filter>
    <Filter Include="Resource Files">
      <UniqueIdentifier>{67DA6AB6-F800-4c08-8B7A-83BB121AAD01}</UniqueIdentifier>
      <Extensions>rc;ico;cur;bmp;dlg;rc2;rct;bin;rgs;gif;jpg;jpeg;jpe;resx;tiff;tif;png;wav;mfcribbon-ms</Extensions>
    </Filter>
    <Filter Include="NewFilter1">
      <UniqueIdentifier>{8eb3f75a-7c85-410c-b369-ce11e2d724bc}</UniqueIdentifier>
    </Filter>
  </ItemGroup>
  <ItemGroup>
    <Text Include="ReadMe.txt" />
  </ItemGroup>
  <ItemGroup>
    <ClInclude Include="stdafx.h">
      <Filter>Header Files</Filter>
    </ClInclude>
    <ClInclude Include="targetver.h">
      <Filter>Header Files</Filter>
    </ClInclude>
    <ClInclude Include="rpc_cs.hpp">
      <Filter>Header Files</Filter>
    </ClInclude>
    <ClInclude Include="rpclock.hpp">
      <Filter>Header Files</Filter>
    </ClInclude>
    <ClInclude Include="platform\windows_rpclock.hpp">
      <Filter>Header Files</Filter>
    </ClInclude>
    <ClInclude Include="platform\windows_rwlock.hpp">
      <Filter>Header Files</Filter>
    </ClInclude>
    <ClInclude Include="rpc_server.hpp">
      <Filter>Header Files</Filter>
    </ClInclude>
    <ClInclude Include="rpcdef.hpp">
      <Filter>Header Files</Filter>
    </ClInclude>
    <ClInclude Include="rpc_call.hpp">
      <Filter>Header Files</Filter>
    </ClInclude>
    <ClInclude Include="mrpc_utility.hpp">
      <Filter>Header Files</Filter>
    </ClInclude>
    <ClInclude Include="rpctimer.hpp">
      <Filter>Header Files</Filter>
    </ClInclude>
    <ClInclude Include="rpcudp.hpp">
      <Filter>Header Files</Filter>
    </ClInclude>
    <ClInclude Include="archive_size.hpp">
      <Filter>Header Files</Filter>
    </ClInclude>
    <ClInclude Include="archive_def.hpp">
      <Filter>Header Files</Filter>
    </ClInclude>
    <ClInclude Include="..\archive_predefine.hpp">
      <Filter>Header Files</Filter>
    </ClInclude>
    <ClInclude Include="..\rpclog.hpp">
      <Filter>Header Files</Filter>
    </ClInclude>
    <ClInclude Include="rpc_group_middleware.hpp">
      <Filter>Header Files</Filter>
    </ClInclude>
    <ClInclude Include="rpc_stub_define.hpp">
      <Filter>Header Files</Filter>
    </ClInclude>
    <ClInclude Include="..\other_test\rpc_rarchive.hpp">
      <Filter>Header Files</Filter>
    </ClInclude>
    <ClInclude Include="..\other_test\rpc_archive.hpp">
      <Filter>Header Files</Filter>
    </ClInclude>
    <ClInclude Include="rpc_archive_def.hpp">
      <Filter>Header Files</Filter>
    </ClInclude>
    <ClInclude Include="rpc_utility.hpp">
      <Filter>Header Files</Filter>
    </ClInclude>
    <ClInclude Include="active_event.hpp">
      <Filter>Header Files</Filter>
    </ClInclude>
    <ClInclude Include="rpc_expection.hpp">
      <Filter>Header Files</Filter>
    </ClInclude>
    <ClInclude Include="rpc_group.hpp">
      <Filter>Header Files</Filter>
    </ClInclude>
    <ClInclude Include="src\active_event.hpp">
      <Filter>Header Files</Filter>
    </ClInclude>
    <ClInclude Include="rpc_group_client.hpp">
      <Filter>Header Files</Filter>
    </ClInclude>
    <ClInclude Include="rpc_group_def.hpp">
      <Filter>Header Files</Filter>
    </ClInclude>
    <ClInclude Include="rpc_group_server.hpp">
      <Filter>Header Files</Filter>
    </ClInclude>
    <ClInclude Include="multiplex_timer.hpp">
      <Filter>Header Files</Filter>
    </ClInclude>
    <ClInclude Include="shared_memory_block.hpp">
      <Filter>Header Files</Filter>
    </ClInclude>
    <ClInclude Include="platform_config.hpp">
      <Filter>Header Files</Filter>
    </ClInclude>
    <ClInclude Include="io_complete_port.hpp">
      <Filter>Header Files</Filter>
    </ClInclude>
    <ClInclude Include="slice.hpp">
      <Filter>Header Files</Filter>
    </ClInclude>
    <ClInclude Include="double_ulong32.hpp">
      <Filter>Header Files</Filter>
    </ClInclude>
    <ClInclude Include="ackbitmap.hpp">
      <Filter>Header Files</Filter>
    </ClInclude>
    <ClInclude Include="src\scrwin.hpp">
      <Filter>Header Files</Filter>
    </ClInclude>
    <ClInclude Include="sliding_window.hpp">
      <Filter>Header Files</Filter>
    </ClInclude>
    <ClInclude Include="magic_modules.hpp">
      <Filter>Header Files</Filter>
    </ClInclude>
    <ClInclude Include="source_lock.hpp">
      <Filter>Header Files</Filter>
    </ClInclude>
    <ClInclude Include="..\other_test\udp_client.hpp">
      <Filter>Header Files</Filter>
    </ClInclude>
    <ClInclude Include="xdr.hpp">
      <Filter>Header Files</Filter>
    </ClInclude>
    <ClInclude Include="meta_archive.hpp">
      <Filter>Header Files</Filter>
    </ClInclude>
    <ClInclude Include="single_archive.hpp">
      <Filter>Header Files</Filter>
    </ClInclude>
    <ClInclude Include="single_archive_dispath.hpp">
      <Filter>Header Files</Filter>
    </ClInclude>
    <ClInclude Include="serialize.hpp">
      <Filter>Header Files</Filter>
    </ClInclude>
    <ClInclude Include="standard_meta_process.hpp">
      <Filter>Header Files</Filter>
    </ClInclude>
    <ClInclude Include="xdr_convert.hpp">
      <Filter>Header Files</Filter>
    </ClInclude>
    <ClInclude Include="stl_serialize.hpp">
      <Filter>Header Files</Filter>
    </ClInclude>
    <ClInclude Include="string_serialize.hpp">
      <Filter>Header Files</Filter>
    </ClInclude>
    <ClInclude Include="xdr_fundamental_wrap.hpp">
      <Filter>Header Files</Filter>
    </ClInclude>
    <ClInclude Include="xdr_type_define.hpp">
      <Filter>Header Files</Filter>
    </ClInclude>
    <ClInclude Include="serialize_more_filter.hpp">
      <Filter>Header Files</Filter>
    </ClInclude>
    <ClInclude Include="type_list.hpp">
      <Filter>Header Files</Filter>
    </ClInclude>
    <ClInclude Include="imouto_client_stub.hpp">
      <Filter>Header Files</Filter>
    </ClInclude>
    <ClInclude Include="imouto_rpcstub.hpp">
      <Filter>Header Files</Filter>
    </ClInclude>
    <ClInclude Include="imoto_server_stub.hpp">
      <Filter>Header Files</Filter>
    </ClInclude>
    <ClInclude Include="imouto_server_stub.hpp">
      <Filter>Header Files</Filter>
    </ClInclude>
    <ClInclude Include="server_stub_pool.hpp">
      <Filter>Header Files</Filter>
    </ClInclude>
    <ClInclude Include="stub_ident.hpp">
      <Filter>Header Files</Filter>
    </ClInclude>
    <ClInclude Include="client_stub.hpp">
      <Filter>Header Files</Filter>
    </ClInclude>
    <ClInclude Include="functional_module.hpp">
      <Filter>Header Files</Filter>
    </ClInclude>
    <ClInclude Include="imouto_auth.hpp">
      <Filter>Header Files</Filter>
    </ClInclude>
    <ClInclude Include="imouto_rpcmsg.hpp">
      <Filter>Header Files</Filter>
    </ClInclude>
    <ClInclude Include="imouto_rpc_client.hpp">
      <Filter>Header Files</Filter>
    </ClInclude>
    <ClInclude Include="imouto_rpc_exception.hpp">
      <Filter>Header Files</Filter>
    </ClInclude>
    <ClInclude Include="des_verify.hpp">
      <Filter>Header Files</Filter>
    </ClInclude>
    <ClInclude Include="imouto_simple_translation_kernel.hpp">
      <Filter>Header Files</Filter>
    </ClInclude>
    <ClInclude Include="imouto_rpc_server.hpp">
      <Filter>Header Files</Filter>
    </ClInclude>
    <ClInclude Include="rpc_autolock.hpp">
      <Filter>Header Files</Filter>
    </ClInclude>
  </ItemGroup>
  <ItemGroup>
    <ClCompile Include="stdafx.cpp">
      <Filter>Source Files</Filter>
    </ClCompile>
    <ClCompile Include="mrpc.cpp">
      <Filter>Source Files</Filter>
    </ClCompile>
    <ClCompile Include="src\rpc_cs.cpp">
      <Filter>Source Files</Filter>
    </ClCompile>
    <ClCompile Include="src\windows_rpclock.cpp">
      <Filter>Source Files</Filter>
    </ClCompile>
    <ClCompile Include="src\windows_rwlock.cpp">
      <Filter>Source Files</Filter>
    </ClCompile>
    <ClCompile Include="src\rpc_server.cpp">
      <Filter>Source Files</Filter>
    </ClCompile>
    <ClCompile Include="src\rpcdef.cpp">
      <Filter>Source Files</Filter>
    </ClCompile>
    <ClCompile Include="src\archive.cpp">
      <Filter>Source Files</Filter>
    </ClCompile>
    <ClCompile Include="src\mpc_utility.cpp">
      <Filter>Source Files</Filter>
    </ClCompile>
    <ClCompile Include="src\rpctimer.cpp">
      <Filter>Source Files</Filter>
    </ClCompile>
    <ClCompile Include="src\rpcudp.cpp">
      <Filter>Source Files</Filter>
    </ClCompile>
    <ClCompile Include="..\src\rpclog.cpp">
      <Filter>Source Files</Filter>
    </ClCompile>
    <ClCompile Include="src\rpc_group_middleware.cpp">
      <Filter>Source Files</Filter>
    </ClCompile>
    <ClCompile Include="src\active_event.cpp">
      <Filter>Source Files</Filter>
    </ClCompile>
    <ClCompile Include="src\rpc_group.cpp">
      <Filter>Source Files</Filter>
    </ClCompile>
    <ClCompile Include="src\rpc_utility.cpp">
      <Filter>Source Files</Filter>
    </ClCompile>
    <ClCompile Include="src\multiplex_timer.cpp">
      <Filter>Source Files</Filter>
    </ClCompile>
    <ClCompile Include="src\shared_memory_block.cpp">
      <Filter>Source Files</Filter>
    </ClCompile>
    <ClCompile Include="src\io_complete_port.cpp">
      <Filter>Source Files</Filter>
    </ClCompile>
    <ClCompile Include="src\slice.cpp">
      <Filter>Source Files</Filter>
    </ClCompile>
    <ClCompile Include="src\double_ulong64.cpp">
      <Filter>Source Files</Filter>
    </ClCompile>
    <ClCompile Include="src\ackbitmap.cpp">
      <Filter>Source Files</Filter>
    </ClCompile>
    <ClCompile Include="src\sliding_window.cpp">
      <Filter>Source Files</Filter>
    </ClCompile>
    <ClCompile Include="src\magic_modules.cpp">
      <Filter>Source Files</Filter>
    </ClCompile>
    <ClCompile Include="src\rpcudp_send_modules.cpp">
      <Filter>Source Files</Filter>
    </ClCompile>
    <ClCompile Include="..\other_test\udt.cpp">
      <Filter>Source Files</Filter>
    </ClCompile>
    <ClCompile Include="..\other_test\trans_core.cpp">
      <Filter>Source Files</Filter>
    </ClCompile>
    <ClCompile Include="..\other_test\sample_report.cpp">
      <Filter>Source Files</Filter>
    </ClCompile>
    <ClCompile Include="..\other_test\rpcudp_client_detail.cpp">
      <Filter>Source Files</Filter>
    </ClCompile>
    <ClCompile Include="..\other_test\dynamic_bitmap.cpp">
      <Filter>Source Files</Filter>
    </ClCompile>
    <ClCompile Include="..\other_test\archive_predefine.cpp">
      <Filter>Source Files</Filter>
    </ClCompile>
    <ClCompile Include="..\other_test\socket.cpp">
      <Filter>Source Files</Filter>
    </ClCompile>
    <ClCompile Include="src\archive_packages.cpp">
      <Filter>Source Files</Filter>
    </ClCompile>
    <ClCompile Include="src\rpcudp_detail.cpp">
      <Filter>Source Files</Filter>
    </ClCompile>
    <ClCompile Include="src\rpcudp_recv_modules.cpp">
      <Filter>Source Files</Filter>
    </ClCompile>
    <ClCompile Include="src\Source.cpp">
      <Filter>Source Files</Filter>
    </ClCompile>
    <ClCompile Include="src\udp_client_recver.cpp">
      <Filter>Source Files</Filter>
    </ClCompile>
    <ClCompile Include="src\udp_client_sender.cpp">
      <Filter>Source Files</Filter>
    </ClCompile>
    <ClCompile Include="archive_test.cpp">
      <Filter>Source Files</Filter>
    </ClCompile>
    <ClCompile Include="archive_memory_helper.cpp">
      <Filter>Source Files</Filter>
    </ClCompile>
    <ClCompile Include="server_stub_pool.cpp">
      <Filter>Source Files</Filter>
    </ClCompile>
  </ItemGroup>
</Project>