<?xml version="1.0" encoding="utf-8"?>
<Project ToolsVersion="4.0" xmlns="http://schemas.microsoft.com/developer/msbuild/2003">
  <ItemGroup>
    <Filter Include="Source Files">
      <UniqueIdentifier>{4FC737F1-C7A5-4376-A066-2A32D752A2FF}</UniqueIdentifier>
      <Extensions>cpp;c;cc;cxx;def;odl;idl;hpj;bat;asm;asmx</Extensions>
    </Filter>
    <Filter Include="Header Files">
      <UniqueIdentifier>{93995380-89BD-4b04-88EB-625FBE52EBFB}</UniqueIdentifier>
      <Extensions>h;hh;hpp;hxx;hm;inl;inc;xsd</Extensions>
    </Filter>
    <Filter Include="Resource Files">
      <UniqueIdentifier>{67DA6AB6-F800-4c08-8B7A-83BB121AAD01}</UniqueIdentifier>
      <Extensions>rc;ico;cur;bmp;dlg;rc2;rct;bin;rgs;gif;jpg;jpeg;jpe;resx;tiff;tif;png;wav;mfcribbon-ms</Extensions>
    </Filter>
  </ItemGroup>
  <ItemGroup>
    <Text Include="ReadMe.txt" />
  </ItemGroup>
  <ItemGroup>
    <ClInclude Include="stdafx.h">
      <Filter>Header Files</Filter>
    </ClInclude>
    <ClInclude Include="targetver.h">
      <Filter>Header Files</Filter>
    </ClInclude>
    <ClInclude Include="rpc_cs.hpp">
      <Filter>Header Files</Filter>
    </ClInclude>
    <ClInclude Include="rpclock.hpp">
      <Filter>Header Files</Filter>
    </ClInclude>
    <ClInclude Include="platform\windows_rpclock.hpp">
      <Filter>Header Files</Filter>
    </ClInclude>
    <ClInclude Include="platform\windows_rwlock.hpp">
      <Filter>Header Files</Filter>
    </ClInclude>
    <ClInclude Include="rpc_server.hpp">
      <Filter>Header Files</Filter>
    </ClInclude>
    <ClInclude Include="rpcdef.hpp">
      <Filter>Header Files</Filter>
    </ClInclude>
    <ClInclude Include="rpc_call.hpp">
      <Filter>Header Files</Filter>
    </ClInclude>
    <ClInclude Include="..\archive.hpp">
      <Filter>Header Files</Filter>
    </ClInclude>
    <ClInclude Include="mrpc_utility.hpp">
      <Filter>Header Files</Filter>
    </ClInclude>
    <ClInclude Include="rpctimer.hpp">
      <Filter>Header Files</Filter>
    </ClInclude>
    <ClInclude Include="rpcudp.hpp">
      <Filter>Header Files</Filter>
    </ClInclude>
    <ClInclude Include="archive_size.hpp">
      <Filter>Header Files</Filter>
    </ClInclude>
    <ClInclude Include="archive_def.hpp">
      <Filter>Header Files</Filter>
    </ClInclude>
    <ClInclude Include="..\archive_predefine.hpp">
      <Filter>Header Files</Filter>
    </ClInclude>
    <ClInclude Include="..\rpclog.hpp">
      <Filter>Header Files</Filter>
    </ClInclude>
    <ClInclude Include="rpc_group_client.hpp">
      <Filter>Header Files</Filter>
    </ClInclude>
    <ClInclude Include="rpc_group_server.hpp">
      <Filter>Header Files</Filter>
    </ClInclude>
  </ItemGroup>
  <ItemGroup>
    <ClCompile Include="stdafx.cpp">
      <Filter>Source Files</Filter>
    </ClCompile>
    <ClCompile Include="mrpc.cpp">
      <Filter>Source Files</Filter>
    </ClCompile>
    <ClCompile Include="src\rpc_cs.cpp">
      <Filter>Source Files</Filter>
    </ClCompile>
    <ClCompile Include="src\windows_rpclock.cpp">
      <Filter>Source Files</Filter>
    </ClCompile>
    <ClCompile Include="src\windows_rwlock.cpp">
      <Filter>Source Files</Filter>
    </ClCompile>
    <ClCompile Include="src\rpc_server.cpp">
      <Filter>Source Files</Filter>
    </ClCompile>
    <ClCompile Include="src\rpcdef.cpp">
      <Filter>Source Files</Filter>
    </ClCompile>
    <ClCompile Include="src\archive.cpp">
      <Filter>Source Files</Filter>
    </ClCompile>
    <ClCompile Include="src\mpc_utility.cpp">
      <Filter>Source Files</Filter>
    </ClCompile>
    <ClCompile Include="src\rpctimer.cpp">
      <Filter>Source Files</Filter>
    </ClCompile>
    <ClCompile Include="src\rpcudp.cpp">
      <Filter>Source Files</Filter>
    </ClCompile>
    <ClCompile Include="..\src\rpclog.cpp">
      <Filter>Source Files</Filter>
    </ClCompile>
  </ItemGroup>
</Project>